
Microsoft Visual Studio Solution File, Format Version 12.00
# Visual Studio 15
VisualStudioVersion = 15.0.26228.18
MinimumVisualStudioVersion = 10.0.40219.1
Project("{FAE04EC0-301F-11D3-BF4B-00C04F79EFBC}") = "ID3", "ID3\ID3.csproj", "{AC4C4C79-DEDD-423A-87EF-85BFA291628A}"
EndProject
Global
	GlobalSection(SolutionConfigurationPlatforms) = preSolution
		Debug|Any CPU = Debug|Any CPU
		Release|Any CPU = Release|Any CPU
	EndGlobalSection
	GlobalSection(ProjectConfigurationPlatforms) = postSolution
		{AC4C4C79-DEDD-423A-87EF-85BFA291628A}.Debug|Any CPU.ActiveCfg = Debug|Any CPU
		{AC4C4C79-DEDD-423A-87EF-85BFA291628A}.Debug|Any CPU.Build.0 = Debug|Any CPU
		{AC4C4C79-DEDD-423A-87EF-85BFA291628A}.Release|Any CPU.ActiveCfg = Release|Any CPU
		{AC4C4C79-DEDD-423A-87EF-85BFA291628A}.Release|Any CPU.Build.0 = Release|Any CPU
	EndGlobalSection
	GlobalSection(SolutionProperties) = preSolution
		HideSolutionNode = FALSE
	EndGlobalSection
EndGlobal
